// !$*UTF8*$!
{
	archiveVersion = 1;
	classes = {
	};
	objectVersion = 77;
	objects = {

/* Begin PBXBuildFile section */
		9AB0B1DB2EEDFABB00AE9F5C /* Sankey in Frameworks */ = {isa = PBXBuildFile; productRef = 9AB0B1DA2EEDFABB00AE9F5C /* Sankey */; };
		9AD8525B2EF2B348003CC0AE /* WidgetKit.framework in Frameworks */ = {isa = PBXBuildFile; fileRef = 9AD8525A2EF2B348003CC0AE /* WidgetKit.framework */; };
		9AD8525D2EF2B348003CC0AE /* SwiftUI.framework in Frameworks */ = {isa = PBXBuildFile; fileRef = 9AD8525C2EF2B348003CC0AE /* SwiftUI.framework */; };
		9AD852682EF2B349003CC0AE /* stiintWidgetExtensionExtension.appex in Embed Foundation Extensions */ = {isa = PBXBuildFile; fileRef = 9AD852582EF2B348003CC0AE /* stiintWidgetExtensionExtension.appex */; settings = {ATTRIBUTES = (RemoveHeadersOnCopy, ); }; };
		9AD852AC2EF92320003CC0AE /* AcknowList in Frameworks */ = {isa = PBXBuildFile; productRef = 9AD852AB2EF92320003CC0AE /* AcknowList */; };
		9AD852AE2EF925B7003CC0AE /* Package.resolved in Resources */ = {isa = PBXBuildFile; fileRef = 9AD852AD2EF925B7003CC0AE /* Package.resolved */; };
/* End PBXBuildFile section */

/* Begin PBXContainerItemProxy section */
		9AD852662EF2B349003CC0AE /* PBXContainerItemProxy */ = {
			isa = PBXContainerItemProxy;
			containerPortal = E920D8522EE9ECE600491463 /* Project object */;
			proxyType = 1;
			remoteGlobalIDString = 9AD852572EF2B348003CC0AE;
			remoteInfo = stiintWidgetExtensionExtension;
		};
		E920D86C2EE9ECE700491463 /* PBXContainerItemProxy */ = {
			isa = PBXContainerItemProxy;
			containerPortal = E920D8522EE9ECE600491463 /* Project object */;
			proxyType = 1;
			remoteGlobalIDString = E920D8592EE9ECE600491463;
			remoteInfo = Stiint;
		};
		E920D8762EE9ECE700491463 /* PBXContainerItemProxy */ = {
			isa = PBXContainerItemProxy;
			containerPortal = E920D8522EE9ECE600491463 /* Project object */;
			proxyType = 1;
			remoteGlobalIDString = E920D8592EE9ECE600491463;
			remoteInfo = Stiint;
		};
/* End PBXContainerItemProxy section */

/* Begin PBXCopyFilesBuildPhase section */
		9AD852692EF2B349003CC0AE /* Embed Foundation Extensions */ = {
			isa = PBXCopyFilesBuildPhase;
			buildActionMask = 2147483647;
			dstPath = "";
			dstSubfolderSpec = 13;
			files = (
				9AD852682EF2B349003CC0AE /* stiintWidgetExtensionExtension.appex in Embed Foundation Extensions */,
			);
			name = "Embed Foundation Extensions";
			runOnlyForDeploymentPostprocessing = 0;
		};
/* End PBXCopyFilesBuildPhase section */

/* Begin PBXFileReference section */
		9AD852582EF2B348003CC0AE /* stiintWidgetExtensionExtension.appex */ = {isa = PBXFileReference; explicitFileType = "wrapper.app-extension"; includeInIndex = 0; path = stiintWidgetExtensionExtension.appex; sourceTree = BUILT_PRODUCTS_DIR; };
		9AD8525A2EF2B348003CC0AE /* WidgetKit.framework */ = {isa = PBXFileReference; lastKnownFileType = wrapper.framework; name = WidgetKit.framework; path = /System/Library/Frameworks/WidgetKit.framework; sourceTree = "<absolute>"; };
		9AD8525C2EF2B348003CC0AE /* SwiftUI.framework */ = {isa = PBXFileReference; lastKnownFileType = wrapper.framework; name = SwiftUI.framework; path = /System/Library/Frameworks/SwiftUI.framework; sourceTree = "<absolute>"; };
		9AD852AD2EF925B7003CC0AE /* Package.resolved */ = {isa = PBXFileReference; lastKnownFileType = text; name = Package.resolved; path = Stiint.xcodeproj/project.xcworkspace/xcshareddata/swiftpm/Package.resolved; sourceTree = "<group>"; };
		E920D85A2EE9ECE600491463 /* Stiint.app */ = {isa = PBXFileReference; explicitFileType = wrapper.application; includeInIndex = 0; path = Stiint.app; sourceTree = BUILT_PRODUCTS_DIR; };
		E920D86B2EE9ECE700491463 /* StiintTests.xctest */ = {isa = PBXFileReference; explicitFileType = wrapper.cfbundle; includeInIndex = 0; path = StiintTests.xctest; sourceTree = BUILT_PRODUCTS_DIR; };
		E920D8752EE9ECE700491463 /* StiintUITests.xctest */ = {isa = PBXFileReference; explicitFileType = wrapper.cfbundle; includeInIndex = 0; path = StiintUITests.xctest; sourceTree = BUILT_PRODUCTS_DIR; };
/* End PBXFileReference section */

/* Begin PBXFileSystemSynchronizedBuildFileExceptionSet section */
		9AD8526D2EF2B349003CC0AE /* Exceptions for "stiintWidgetExtension" folder in "stiintWidgetExtensionExtension" target */ = {
			isa = PBXFileSystemSynchronizedBuildFileExceptionSet;
			membershipExceptions = (
				Info.plist,
			);
			target = 9AD852572EF2B348003CC0AE /* stiintWidgetExtensionExtension */;
		};
		9AD852762EF2B5FB003CC0AE /* Exceptions for "Stiint" folder in "stiintWidgetExtensionExtension" target */ = {
			isa = PBXFileSystemSynchronizedBuildFileExceptionSet;
			membershipExceptions = (
				Service/Shared/ColorExtension.swift,
				Service/Shared/LiveActivityDTO.swift,
			);
			target = 9AD852572EF2B348003CC0AE /* stiintWidgetExtensionExtension */;
		};
		E920D87D2EE9ECE700491463 /* Exceptions for "Stiint" folder in "Stiint" target */ = {
			isa = PBXFileSystemSynchronizedBuildFileExceptionSet;
			membershipExceptions = (
				Info.plist,
			);
			target = E920D8592EE9ECE600491463 /* Stiint */;
		};
/* End PBXFileSystemSynchronizedBuildFileExceptionSet section */

/* Begin PBXFileSystemSynchronizedRootGroup section */
		9AD8525E2EF2B348003CC0AE /* stiintWidgetExtension */ = {
			isa = PBXFileSystemSynchronizedRootGroup;
			exceptions = (
				9AD8526D2EF2B349003CC0AE /* Exceptions for "stiintWidgetExtension" folder in "stiintWidgetExtensionExtension" target */,
			);
			path = stiintWidgetExtension;
			sourceTree = "<group>";
		};
		E920D85C2EE9ECE600491463 /* Stiint */ = {
			isa = PBXFileSystemSynchronizedRootGroup;
			exceptions = (
				E920D87D2EE9ECE700491463 /* Exceptions for "Stiint" folder in "Stiint" target */,
				9AD852762EF2B5FB003CC0AE /* Exceptions for "Stiint" folder in "stiintWidgetExtensionExtension" target */,
			);
			path = Stiint;
			sourceTree = "<group>";
		};
		E920D86E2EE9ECE700491463 /* StiintTests */ = {
			isa = PBXFileSystemSynchronizedRootGroup;
			path = StiintTests;
			sourceTree = "<group>";
		};
		E920D8782EE9ECE700491463 /* StiintUITests */ = {
			isa = PBXFileSystemSynchronizedRootGroup;
			path = StiintUITests;
			sourceTree = "<group>";
		};
/* End PBXFileSystemSynchronizedRootGroup section */

/* Begin PBXFrameworksBuildPhase section */
		9AD852552EF2B348003CC0AE /* Frameworks */ = {
			isa = PBXFrameworksBuildPhase;
			buildActionMask = 2147483647;
			files = (
				9AD8525D2EF2B348003CC0AE /* SwiftUI.framework in Frameworks */,
				9AD8525B2EF2B348003CC0AE /* WidgetKit.framework in Frameworks */,
			);
			runOnlyForDeploymentPostprocessing = 0;
		};
		E920D8572EE9ECE600491463 /* Frameworks */ = {
			isa = PBXFrameworksBuildPhase;
			buildActionMask = 2147483647;
			files = (
				9AB0B1DB2EEDFABB00AE9F5C /* Sankey in Frameworks */,
				9AD852AC2EF92320003CC0AE /* AcknowList in Frameworks */,
			);
			runOnlyForDeploymentPostprocessing = 0;
		};
		E920D8682EE9ECE700491463 /* Frameworks */ = {
			isa = PBXFrameworksBuildPhase;
			buildActionMask = 2147483647;
			files = (
			);
			runOnlyForDeploymentPostprocessing = 0;
		};
		E920D8722EE9ECE700491463 /* Frameworks */ = {
			isa = PBXFrameworksBuildPhase;
			buildActionMask = 2147483647;
			files = (
			);
			runOnlyForDeploymentPostprocessing = 0;
		};
/* End PBXFrameworksBuildPhase section */

/* Begin PBXGroup section */
		9AD852592EF2B348003CC0AE /* Frameworks */ = {
			isa = PBXGroup;
			children = (
				9AD8525A2EF2B348003CC0AE /* WidgetKit.framework */,
				9AD8525C2EF2B348003CC0AE /* SwiftUI.framework */,
			);
			name = Frameworks;
			sourceTree = "<group>";
		};
		E920D8512EE9ECE600491463 = {
			isa = PBXGroup;
			children = (
				E920D85C2EE9ECE600491463 /* Stiint */,
				E920D86E2EE9ECE700491463 /* StiintTests */,
				E920D8782EE9ECE700491463 /* StiintUITests */,
				9AD8525E2EF2B348003CC0AE /* stiintWidgetExtension */,
				9AD852592EF2B348003CC0AE /* Frameworks */,
				E920D85B2EE9ECE600491463 /* Products */,
				9AD852AD2EF925B7003CC0AE /* Package.resolved */,
			);
			sourceTree = "<group>";
		};
		E920D85B2EE9ECE600491463 /* Products */ = {
			isa = PBXGroup;
			children = (
				E920D85A2EE9ECE600491463 /* Stiint.app */,
				E920D86B2EE9ECE700491463 /* StiintTests.xctest */,
				E920D8752EE9ECE700491463 /* StiintUITests.xctest */,
				9AD852582EF2B348003CC0AE /* stiintWidgetExtensionExtension.appex */,
			);
			name = Products;
			sourceTree = "<group>";
		};
/* End PBXGroup section */

/* Begin PBXNativeTarget section */
		9AD852572EF2B348003CC0AE /* stiintWidgetExtensionExtension */ = {
			isa = PBXNativeTarget;
			buildConfigurationList = 9AD8526C2EF2B349003CC0AE /* Build configuration list for PBXNativeTarget "stiintWidgetExtensionExtension" */;
			buildPhases = (
				9AD852542EF2B348003CC0AE /* Sources */,
				9AD852552EF2B348003CC0AE /* Frameworks */,
				9AD852562EF2B348003CC0AE /* Resources */,
			);
			buildRules = (
			);
			dependencies = (
			);
			fileSystemSynchronizedGroups = (
				9AD8525E2EF2B348003CC0AE /* stiintWidgetExtension */,
			);
			name = stiintWidgetExtensionExtension;
			packageProductDependencies = (
			);
			productName = stiintWidgetExtensionExtension;
			productReference = 9AD852582EF2B348003CC0AE /* stiintWidgetExtensionExtension.appex */;
			productType = "com.apple.product-type.app-extension";
		};
		E920D8592EE9ECE600491463 /* Stiint */ = {
			isa = PBXNativeTarget;
			buildConfigurationList = E920D87E2EE9ECE700491463 /* Build configuration list for PBXNativeTarget "Stiint" */;
			buildPhases = (
				E920D8562EE9ECE600491463 /* Sources */,
				E920D8572EE9ECE600491463 /* Frameworks */,
				E920D8582EE9ECE600491463 /* Resources */,
				9AD852692EF2B349003CC0AE /* Embed Foundation Extensions */,
			);
			buildRules = (
			);
			dependencies = (
				9AD852672EF2B349003CC0AE /* PBXTargetDependency */,
			);
			fileSystemSynchronizedGroups = (
				E920D85C2EE9ECE600491463 /* Stiint */,
			);
			name = Stiint;
			packageProductDependencies = (
				9AB0B1DA2EEDFABB00AE9F5C /* Sankey */,
				9AD852AB2EF92320003CC0AE /* AcknowList */,
			);
			productName = Stiint;
			productReference = E920D85A2EE9ECE600491463 /* Stiint.app */;
			productType = "com.apple.product-type.application";
		};
		E920D86A2EE9ECE700491463 /* StiintTests */ = {
			isa = PBXNativeTarget;
			buildConfigurationList = E920D8832EE9ECE700491463 /* Build configuration list for PBXNativeTarget "StiintTests" */;
			buildPhases = (
				E920D8672EE9ECE700491463 /* Sources */,
				E920D8682EE9ECE700491463 /* Frameworks */,
				E920D8692EE9ECE700491463 /* Resources */,
			);
			buildRules = (
			);
			dependencies = (
				E920D86D2EE9ECE700491463 /* PBXTargetDependency */,
			);
			fileSystemSynchronizedGroups = (
				E920D86E2EE9ECE700491463 /* StiintTests */,
			);
			name = StiintTests;
			packageProductDependencies = (
			);
			productName = StiintTests;
			productReference = E920D86B2EE9ECE700491463 /* StiintTests.xctest */;
			productType = "com.apple.product-type.bundle.unit-test";
		};
		E920D8742EE9ECE700491463 /* StiintUITests */ = {
			isa = PBXNativeTarget;
			buildConfigurationList = E920D8862EE9ECE700491463 /* Build configuration list for PBXNativeTarget "StiintUITests" */;
			buildPhases = (
				E920D8712EE9ECE700491463 /* Sources */,
				E920D8722EE9ECE700491463 /* Frameworks */,
				E920D8732EE9ECE700491463 /* Resources */,
			);
			buildRules = (
			);
			dependencies = (
				E920D8772EE9ECE700491463 /* PBXTargetDependency */,
			);
			fileSystemSynchronizedGroups = (
				E920D8782EE9ECE700491463 /* StiintUITests */,
			);
			name = StiintUITests;
			packageProductDependencies = (
			);
			productName = StiintUITests;
			productReference = E920D8752EE9ECE700491463 /* StiintUITests.xctest */;
			productType = "com.apple.product-type.bundle.ui-testing";
		};
/* End PBXNativeTarget section */

/* Begin PBXProject section */
		E920D8522EE9ECE600491463 /* Project object */ = {
			isa = PBXProject;
			attributes = {
				BuildIndependentTargetsInParallel = 1;
				LastSwiftUpdateCheck = 2600;
				LastUpgradeCheck = 2600;
				TargetAttributes = {
					9AD852572EF2B348003CC0AE = {
						CreatedOnToolsVersion = 26.0;
					};
					E920D8592EE9ECE600491463 = {
						CreatedOnToolsVersion = 26.0.1;
					};
					E920D86A2EE9ECE700491463 = {
						CreatedOnToolsVersion = 26.0.1;
						TestTargetID = E920D8592EE9ECE600491463;
					};
					E920D8742EE9ECE700491463 = {
						CreatedOnToolsVersion = 26.0.1;
						TestTargetID = E920D8592EE9ECE600491463;
					};
				};
			};
			buildConfigurationList = E920D8552EE9ECE600491463 /* Build configuration list for PBXProject "Stiint" */;
			developmentRegion = en;
			hasScannedForEncodings = 0;
			knownRegions = (
				en,
				Base,
			);
			mainGroup = E920D8512EE9ECE600491463;
			minimizedProjectReferenceProxies = 1;
			packageReferences = (
				9AB0B1D92EEDFABB00AE9F5C /* XCRemoteSwiftPackageReference "Sankey" */,
				9AD852AA2EF92320003CC0AE /* XCRemoteSwiftPackageReference "AcknowList" */,
			);
			preferredProjectObjectVersion = 77;
			productRefGroup = E920D85B2EE9ECE600491463 /* Products */;
			projectDirPath = "";
			projectRoot = "";
			targets = (
				E920D8592EE9ECE600491463 /* Stiint */,
				E920D86A2EE9ECE700491463 /* StiintTests */,
				E920D8742EE9ECE700491463 /* StiintUITests */,
				9AD852572EF2B348003CC0AE /* stiintWidgetExtensionExtension */,
			);
		};
/* End PBXProject section */

/* Begin PBXResourcesBuildPhase section */
		9AD852562EF2B348003CC0AE /* Resources */ = {
			isa = PBXResourcesBuildPhase;
			buildActionMask = 2147483647;
			files = (
			);
			runOnlyForDeploymentPostprocessing = 0;
		};
		E920D8582EE9ECE600491463 /* Resources */ = {
			isa = PBXResourcesBuildPhase;
			buildActionMask = 2147483647;
			files = (
				9AD852AE2EF925B7003CC0AE /* Package.resolved in Resources */,
			);
			runOnlyForDeploymentPostprocessing = 0;
		};
		E920D8692EE9ECE700491463 /* Resources */ = {
			isa = PBXResourcesBuildPhase;
			buildActionMask = 2147483647;
			files = (
			);
			runOnlyForDeploymentPostprocessing = 0;
		};
		E920D8732EE9ECE700491463 /* Resources */ = {
			isa = PBXResourcesBuildPhase;
			buildActionMask = 2147483647;
			files = (
			);
			runOnlyForDeploymentPostprocessing = 0;
		};
/* End PBXResourcesBuildPhase section */

/* Begin PBXSourcesBuildPhase section */
		9AD852542EF2B348003CC0AE /* Sources */ = {
			isa = PBXSourcesBuildPhase;
			buildActionMask = 2147483647;
			files = (
			);
			runOnlyForDeploymentPostprocessing = 0;
		};
		E920D8562EE9ECE600491463 /* Sources */ = {
			isa = PBXSourcesBuildPhase;
			buildActionMask = 2147483647;
			files = (
			);
			runOnlyForDeploymentPostprocessing = 0;
		};
		E920D8672EE9ECE700491463 /* Sources */ = {
			isa = PBXSourcesBuildPhase;
			buildActionMask = 2147483647;
			files = (
			);
			runOnlyForDeploymentPostprocessing = 0;
		};
		E920D8712EE9ECE700491463 /* Sources */ = {
			isa = PBXSourcesBuildPhase;
			buildActionMask = 2147483647;
			files = (
			);
			runOnlyForDeploymentPostprocessing = 0;
		};
/* End PBXSourcesBuildPhase section */

/* Begin PBXTargetDependency section */
		9AD852672EF2B349003CC0AE /* PBXTargetDependency */ = {
			isa = PBXTargetDependency;
			target = 9AD852572EF2B348003CC0AE /* stiintWidgetExtensionExtension */;
			targetProxy = 9AD852662EF2B349003CC0AE /* PBXContainerItemProxy */;
		};
		E920D86D2EE9ECE700491463 /* PBXTargetDependency */ = {
			isa = PBXTargetDependency;
			target = E920D8592EE9ECE600491463 /* Stiint */;
			targetProxy = E920D86C2EE9ECE700491463 /* PBXContainerItemProxy */;
		};
		E920D8772EE9ECE700491463 /* PBXTargetDependency */ = {
			isa = PBXTargetDependency;
			target = E920D8592EE9ECE600491463 /* Stiint */;
			targetProxy = E920D8762EE9ECE700491463 /* PBXContainerItemProxy */;
		};
/* End PBXTargetDependency section */

/* Begin XCBuildConfiguration section */
		9AD8526A2EF2B349003CC0AE /* Debug */ = {
			isa = XCBuildConfiguration;
			buildSettings = {
				ASSETCATALOG_COMPILER_GLOBAL_ACCENT_COLOR_NAME = AccentColor;
				ASSETCATALOG_COMPILER_WIDGET_BACKGROUND_COLOR_NAME = WidgetBackground;
				CODE_SIGN_STYLE = Automatic;
				CURRENT_PROJECT_VERSION = 1;
				DEVELOPMENT_TEAM = G6Y3RZVKK7;
				ENABLE_APP_SANDBOX = YES;
				ENABLE_HARDENED_RUNTIME = YES;
				GENERATE_INFOPLIST_FILE = YES;
				INFOPLIST_FILE = stiintWidgetExtension/Info.plist;
				INFOPLIST_KEY_CFBundleDisplayName = stiintWidgetExtension;
				INFOPLIST_KEY_NSHumanReadableCopyright = "";
				IPHONEOS_DEPLOYMENT_TARGET = 26.0;
				LD_RUNPATH_SEARCH_PATHS = (
					"$(inherited)",
					"@executable_path/Frameworks",
					"@executable_path/../../Frameworks",
				);
				"LD_RUNPATH_SEARCH_PATHS[sdk=macosx*]" = (
					"$(inherited)",
					"@executable_path/../Frameworks",
					"@executable_path/../../../../Frameworks",
				);
				MACOSX_DEPLOYMENT_TARGET = 26.0;
				MARKETING_VERSION = 1.0;
				PRODUCT_BUNDLE_IDENTIFIER = liwi.Stiint.stiintWidgetExtension;
				PRODUCT_NAME = "$(TARGET_NAME)";
				SDKROOT = auto;
				SKIP_INSTALL = YES;
				STRING_CATALOG_GENERATE_SYMBOLS = YES;
				SUPPORTED_PLATFORMS = "iphoneos iphonesimulator macosx xros xrsimulator";
				SWIFT_APPROACHABLE_CONCURRENCY = YES;
				SWIFT_EMIT_LOC_STRINGS = YES;
				SWIFT_UPCOMING_FEATURE_MEMBER_IMPORT_VISIBILITY = YES;
				SWIFT_VERSION = 5.0;
				TARGETED_DEVICE_FAMILY = "1,2,7";
				XROS_DEPLOYMENT_TARGET = 26.0;
			};
			name = Debug;
		};
		9AD8526B2EF2B349003CC0AE /* Release */ = {
			isa = XCBuildConfiguration;
			buildSettings = {
				ASSETCATALOG_COMPILER_GLOBAL_ACCENT_COLOR_NAME = AccentColor;
				ASSETCATALOG_COMPILER_WIDGET_BACKGROUND_COLOR_NAME = WidgetBackground;
				CODE_SIGN_STYLE = Automatic;
				CURRENT_PROJECT_VERSION = 1;
				DEVELOPMENT_TEAM = G6Y3RZVKK7;
				ENABLE_APP_SANDBOX = YES;
				ENABLE_HARDENED_RUNTIME = YES;
				GENERATE_INFOPLIST_FILE = YES;
				INFOPLIST_FILE = stiintWidgetExtension/Info.plist;
				INFOPLIST_KEY_CFBundleDisplayName = stiintWidgetExtension;
				INFOPLIST_KEY_NSHumanReadableCopyright = "";
				IPHONEOS_DEPLOYMENT_TARGET = 26.0;
				LD_RUNPATH_SEARCH_PATHS = (
					"$(inherited)",
					"@executable_path/Frameworks",
					"@executable_path/../../Frameworks",
				);
				"LD_RUNPATH_SEARCH_PATHS[sdk=macosx*]" = (
					"$(inherited)",
					"@executable_path/../Frameworks",
					"@executable_path/../../../../Frameworks",
				);
				MACOSX_DEPLOYMENT_TARGET = 26.0;
				MARKETING_VERSION = 1.0;
				PRODUCT_BUNDLE_IDENTIFIER = liwi.Stiint.stiintWidgetExtension;
				PRODUCT_NAME = "$(TARGET_NAME)";
				SDKROOT = auto;
				SKIP_INSTALL = YES;
				STRING_CATALOG_GENERATE_SYMBOLS = YES;
				SUPPORTED_PLATFORMS = "iphoneos iphonesimulator macosx xros xrsimulator";
				SWIFT_APPROACHABLE_CONCURRENCY = YES;
				SWIFT_EMIT_LOC_STRINGS = YES;
				SWIFT_UPCOMING_FEATURE_MEMBER_IMPORT_VISIBILITY = YES;
				SWIFT_VERSION = 5.0;
				TARGETED_DEVICE_FAMILY = "1,2,7";
				XROS_DEPLOYMENT_TARGET = 26.0;
			};
			name = Release;
		};
		E920D87F2EE9ECE700491463 /* Debug */ = {
			isa = XCBuildConfiguration;
			buildSettings = {
				ASSETCATALOG_COMPILER_APPICON_NAME = StiintIcon;
				ASSETCATALOG_COMPILER_GLOBAL_ACCENT_COLOR_NAME = AccentColor;
				CODE_SIGN_ENTITLEMENTS = Stiint/Stiint.entitlements;
				CODE_SIGN_STYLE = Automatic;
				CURRENT_PROJECT_VERSION = 3;
				DEVELOPMENT_TEAM = G6Y3RZVKK7;
				ENABLE_PREVIEWS = YES;
				GENERATE_INFOPLIST_FILE = YES;
				INFOPLIST_FILE = Stiint/Info.plist;
				INFOPLIST_KEY_ITSAppUsesNonExemptEncryption = NO;
				INFOPLIST_KEY_LSApplicationCategoryType = "public.app-category.productivity";
				INFOPLIST_KEY_NSSupportsLiveActivities = YES;
				INFOPLIST_KEY_UIApplicationSceneManifest_Generation = YES;
				INFOPLIST_KEY_UIApplicationSupportsIndirectInputEvents = YES;
				INFOPLIST_KEY_UILaunchScreen_Generation = YES;
				INFOPLIST_KEY_UISupportedInterfaceOrientations_iPad = "UIInterfaceOrientationPortrait UIInterfaceOrientationPortraitUpsideDown UIInterfaceOrientationLandscapeLeft UIInterfaceOrientationLandscapeRight";
				INFOPLIST_KEY_UISupportedInterfaceOrientations_iPhone = "UIInterfaceOrientationPortrait UIInterfaceOrientationLandscapeLeft UIInterfaceOrientationLandscapeRight";
				IPHONEOS_DEPLOYMENT_TARGET = 26.1;
				LD_RUNPATH_SEARCH_PATHS = (
					"$(inherited)",
					"@executable_path/Frameworks",
				);
				MARKETING_VERSION = 1.0;
				PRODUCT_BUNDLE_IDENTIFIER = liwi.Stiint;
				PRODUCT_NAME = "$(TARGET_NAME)";
				STRING_CATALOG_GENERATE_SYMBOLS = YES;
				SWIFT_APPROACHABLE_CONCURRENCY = YES;
				SWIFT_DEFAULT_ACTOR_ISOLATION = MainActor;
				SWIFT_EMIT_LOC_STRINGS = YES;
				SWIFT_UPCOMING_FEATURE_MEMBER_IMPORT_VISIBILITY = YES;
				SWIFT_VERSION = 5.0;
				TARGETED_DEVICE_FAMILY = "1,2";
			};
			name = Debug;
		};
		E920D8802EE9ECE700491463 /* Release */ = {
			isa = XCBuildConfiguration;
			buildSettings = {
				ASSETCATALOG_COMPILER_APPICON_NAME = StiintIcon;
				ASSETCATALOG_COMPILER_GLOBAL_ACCENT_COLOR_NAME = AccentColor;
				CODE_SIGN_ENTITLEMENTS = Stiint/Stiint.entitlements;
				CODE_SIGN_STYLE = Automatic;
				CURRENT_PROJECT_VERSION = 3;
				DEVELOPMENT_TEAM = G6Y3RZVKK7;
				ENABLE_PREVIEWS = YES;
				GENERATE_INFOPLIST_FILE = YES;
				INFOPLIST_FILE = Stiint/Info.plist;
				INFOPLIST_KEY_ITSAppUsesNonExemptEncryption = NO;
				INFOPLIST_KEY_LSApplicationCategoryType = "public.app-category.productivity";
				INFOPLIST_KEY_NSSupportsLiveActivities = YES;
				INFOPLIST_KEY_UIApplicationSceneManifest_Generation = YES;
				INFOPLIST_KEY_UIApplicationSupportsIndirectInputEvents = YES;
				INFOPLIST_KEY_UILaunchScreen_Generation = YES;
				INFOPLIST_KEY_UISupportedInterfaceOrientations_iPad = "UIInterfaceOrientationPortrait UIInterfaceOrientationPortraitUpsideDown UIInterfaceOrientationLandscapeLeft UIInterfaceOrientationLandscapeRight";
				INFOPLIST_KEY_UISupportedInterfaceOrientations_iPhone = "UIInterfaceOrientationPortrait UIInterfaceOrientationLandscapeLeft UIInterfaceOrientationLandscapeRight";
				IPHONEOS_DEPLOYMENT_TARGET = 26.1;
				LD_RUNPATH_SEARCH_PATHS = (
					"$(inherited)",
					"@executable_path/Frameworks",
				);
				MARKETING_VERSION = 1.0;
				PRODUCT_BUNDLE_IDENTIFIER = liwi.Stiint;
				PRODUCT_NAME = "$(TARGET_NAME)";
				STRING_CATALOG_GENERATE_SYMBOLS = YES;
				SWIFT_APPROACHABLE_CONCURRENCY = YES;
				SWIFT_DEFAULT_ACTOR_ISOLATION = MainActor;
				SWIFT_EMIT_LOC_STRINGS = YES;
				SWIFT_UPCOMING_FEATURE_MEMBER_IMPORT_VISIBILITY = YES;
				SWIFT_VERSION = 5.0;
				TARGETED_DEVICE_FAMILY = "1,2";
			};
			name = Release;
		};
		E920D8812EE9ECE700491463 /* Debug */ = {
			isa = XCBuildConfiguration;
			buildSettings = {
				ALWAYS_SEARCH_USER_PATHS = NO;
				ASSETCATALOG_COMPILER_GENERATE_SWIFT_ASSET_SYMBOL_EXTENSIONS = YES;
				CLANG_ANALYZER_NONNULL = YES;
				CLANG_ANALYZER_NUMBER_OBJECT_CONVERSION = YES_AGGRESSIVE;
				CLANG_CXX_LANGUAGE_STANDARD = "gnu++20";
				CLANG_ENABLE_MODULES = YES;
				CLANG_ENABLE_OBJC_ARC = YES;
				CLANG_ENABLE_OBJC_WEAK = YES;
				CLANG_WARN_BLOCK_CAPTURE_AUTORELEASING = YES;
				CLANG_WARN_BOOL_CONVERSION = YES;
				CLANG_WARN_COMMA = YES;
				CLANG_WARN_CONSTANT_CONVERSION = YES;
				CLANG_WARN_DEPRECATED_OBJC_IMPLEMENTATIONS = YES;
				CLANG_WARN_DIRECT_OBJC_ISA_USAGE = YES_ERROR;
				CLANG_WARN_DOCUMENTATION_COMMENTS = YES;
				CLANG_WARN_EMPTY_BODY = YES;
				CLANG_WARN_ENUM_CONVERSION = YES;
				CLANG_WARN_INFINITE_RECURSION = YES;
				CLANG_WARN_INT_CONVERSION = YES;
				CLANG_WARN_NON_LITERAL_NULL_CONVERSION = YES;
				CLANG_WARN_OBJC_IMPLICIT_RETAIN_SELF = YES;
				CLANG_WARN_OBJC_LITERAL_CONVERSION = YES;
				CLANG_WARN_OBJC_ROOT_CLASS = YES_ERROR;
				CLANG_WARN_QUOTED_INCLUDE_IN_FRAMEWORK_HEADER = YES;
				CLANG_WARN_RANGE_LOOP_ANALYSIS = YES;
				CLANG_WARN_STRICT_PROTOTYPES = YES;
				CLANG_WARN_SUSPICIOUS_MOVE = YES;
				CLANG_WARN_UNGUARDED_AVAILABILITY = YES_AGGRESSIVE;
				CLANG_WARN_UNREACHABLE_CODE = YES;
				CLANG_WARN__DUPLICATE_METHOD_MATCH = YES;
				COPY_PHASE_STRIP = NO;
				DEBUG_INFORMATION_FORMAT = dwarf;
				DEVELOPMENT_TEAM = G6Y3RZVKK7;
				ENABLE_STRICT_OBJC_MSGSEND = YES;
				ENABLE_TESTABILITY = YES;
				ENABLE_USER_SCRIPT_SANDBOXING = YES;
				GCC_C_LANGUAGE_STANDARD = gnu17;
				GCC_DYNAMIC_NO_PIC = NO;
				GCC_NO_COMMON_BLOCKS = YES;
				GCC_OPTIMIZATION_LEVEL = 0;
				GCC_PREPROCESSOR_DEFINITIONS = (
					"DEBUG=1",
					"$(inherited)",
				);
				GCC_WARN_64_TO_32_BIT_CONVERSION = YES;
				GCC_WARN_ABOUT_RETURN_TYPE = YES_ERROR;
				GCC_WARN_UNDECLARED_SELECTOR = YES;
				GCC_WARN_UNINITIALIZED_AUTOS = YES_AGGRESSIVE;
				GCC_WARN_UNUSED_FUNCTION = YES;
				GCC_WARN_UNUSED_VARIABLE = YES;
				IPHONEOS_DEPLOYMENT_TARGET = 26.0;
				LOCALIZATION_PREFERS_STRING_CATALOGS = YES;
				MTL_ENABLE_DEBUG_INFO = INCLUDE_SOURCE;
				MTL_FAST_MATH = YES;
				ONLY_ACTIVE_ARCH = YES;
				SDKROOT = iphoneos;
				SWIFT_ACTIVE_COMPILATION_CONDITIONS = "DEBUG $(inherited)";
				SWIFT_OPTIMIZATION_LEVEL = "-Onone";
			};
			name = Debug;
		};
		E920D8822EE9ECE700491463 /* Release */ = {
			isa = XCBuildConfiguration;
			buildSettings = {
				ALWAYS_SEARCH_USER_PATHS = NO;
				ASSETCATALOG_COMPILER_GENERATE_SWIFT_ASSET_SYMBOL_EXTENSIONS = YES;
				CLANG_ANALYZER_NONNULL = YES;
				CLANG_ANALYZER_NUMBER_OBJECT_CONVERSION = YES_AGGRESSIVE;
				CLANG_CXX_LANGUAGE_STANDARD = "gnu++20";
				CLANG_ENABLE_MODULES = YES;
				CLANG_ENABLE_OBJC_ARC = YES;
				CLANG_ENABLE_OBJC_WEAK = YES;
				CLANG_WARN_BLOCK_CAPTURE_AUTORELEASING = YES;
				CLANG_WARN_BOOL_CONVERSION = YES;
				CLANG_WARN_COMMA = YES;
				CLANG_WARN_CONSTANT_CONVERSION = YES;
				CLANG_WARN_DEPRECATED_OBJC_IMPLEMENTATIONS = YES;
				CLANG_WARN_DIRECT_OBJC_ISA_USAGE = YES_ERROR;
				CLANG_WARN_DOCUMENTATION_COMMENTS = YES;
				CLANG_WARN_EMPTY_BODY = YES;
				CLANG_WARN_ENUM_CONVERSION = YES;
				CLANG_WARN_INFINITE_RECURSION = YES;
				CLANG_WARN_INT_CONVERSION = YES;
				CLANG_WARN_NON_LITERAL_NULL_CONVERSION = YES;
				CLANG_WARN_OBJC_IMPLICIT_RETAIN_SELF = YES;
				CLANG_WARN_OBJC_LITERAL_CONVERSION = YES;
				CLANG_WARN_OBJC_ROOT_CLASS = YES_ERROR;
				CLANG_WARN_QUOTED_INCLUDE_IN_FRAMEWORK_HEADER = YES;
				CLANG_WARN_RANGE_LOOP_ANALYSIS = YES;
				CLANG_WARN_STRICT_PROTOTYPES = YES;
				CLANG_WARN_SUSPICIOUS_MOVE = YES;
				CLANG_WARN_UNGUARDED_AVAILABILITY = YES_AGGRESSIVE;
				CLANG_WARN_UNREACHABLE_CODE = YES;
				CLANG_WARN__DUPLICATE_METHOD_MATCH = YES;
				COPY_PHASE_STRIP = NO;
				DEBUG_INFORMATION_FORMAT = "dwarf-with-dsym";
				DEVELOPMENT_TEAM = G6Y3RZVKK7;
				ENABLE_NS_ASSERTIONS = NO;
				ENABLE_STRICT_OBJC_MSGSEND = YES;
				ENABLE_USER_SCRIPT_SANDBOXING = YES;
				GCC_C_LANGUAGE_STANDARD = gnu17;
				GCC_NO_COMMON_BLOCKS = YES;
				GCC_WARN_64_TO_32_BIT_CONVERSION = YES;
				GCC_WARN_ABOUT_RETURN_TYPE = YES_ERROR;
				GCC_WARN_UNDECLARED_SELECTOR = YES;
				GCC_WARN_UNINITIALIZED_AUTOS = YES_AGGRESSIVE;
				GCC_WARN_UNUSED_FUNCTION = YES;
				GCC_WARN_UNUSED_VARIABLE = YES;
				IPHONEOS_DEPLOYMENT_TARGET = 26.0;
				LOCALIZATION_PREFERS_STRING_CATALOGS = YES;
				MTL_ENABLE_DEBUG_INFO = NO;
				MTL_FAST_MATH = YES;
				SDKROOT = iphoneos;
				SWIFT_COMPILATION_MODE = wholemodule;
				VALIDATE_PRODUCT = YES;
			};
			name = Release;
		};
		E920D8842EE9ECE700491463 /* Debug */ = {
			isa = XCBuildConfiguration;
			buildSettings = {
				BUNDLE_LOADER = "$(TEST_HOST)";
				CODE_SIGN_STYLE = Automatic;
				CURRENT_PROJECT_VERSION = 1;
				DEVELOPMENT_TEAM = G6Y3RZVKK7;
				GENERATE_INFOPLIST_FILE = YES;
				IPHONEOS_DEPLOYMENT_TARGET = 26.0;
				MARKETING_VERSION = 1.0;
				PRODUCT_BUNDLE_IDENTIFIER = liwi.StiintTests;
				PRODUCT_NAME = "$(TARGET_NAME)";
				STRING_CATALOG_GENERATE_SYMBOLS = NO;
				SWIFT_APPROACHABLE_CONCURRENCY = YES;
				SWIFT_EMIT_LOC_STRINGS = NO;
				SWIFT_UPCOMING_FEATURE_MEMBER_IMPORT_VISIBILITY = YES;
				SWIFT_VERSION = 5.0;
				TARGETED_DEVICE_FAMILY = "1,2";
				TEST_HOST = "$(BUILT_PRODUCTS_DIR)/Stiint.app/$(BUNDLE_EXECUTABLE_FOLDER_PATH)/Stiint";
			};
			name = Debug;
		};
		E920D8852EE9ECE700491463 /* Release */ = {
			isa = XCBuildConfiguration;
			buildSettings = {
				BUNDLE_LOADER = "$(TEST_HOST)";
				CODE_SIGN_STYLE = Automatic;
				CURRENT_PROJECT_VERSION = 1;
				DEVELOPMENT_TEAM = G6Y3RZVKK7;
				GENERATE_INFOPLIST_FILE = YES;
				IPHONEOS_DEPLOYMENT_TARGET = 26.0;
				MARKETING_VERSION = 1.0;
				PRODUCT_BUNDLE_IDENTIFIER = liwi.StiintTests;
				PRODUCT_NAME = "$(TARGET_NAME)";
				STRING_CATALOG_GENERATE_SYMBOLS = NO;
				SWIFT_APPROACHABLE_CONCURRENCY = YES;
				SWIFT_EMIT_LOC_STRINGS = NO;
				SWIFT_UPCOMING_FEATURE_MEMBER_IMPORT_VISIBILITY = YES;
				SWIFT_VERSION = 5.0;
				TARGETED_DEVICE_FAMILY = "1,2";
				TEST_HOST = "$(BUILT_PRODUCTS_DIR)/Stiint.app/$(BUNDLE_EXECUTABLE_FOLDER_PATH)/Stiint";
			};
			name = Release;
		};
		E920D8872EE9ECE700491463 /* Debug */ = {
			isa = XCBuildConfiguration;
			buildSettings = {
				CODE_SIGN_STYLE = Automatic;
				CURRENT_PROJECT_VERSION = 1;
				DEVELOPMENT_TEAM = G6Y3RZVKK7;
				GENERATE_INFOPLIST_FILE = YES;
				MARKETING_VERSION = 1.0;
				PRODUCT_BUNDLE_IDENTIFIER = liwi.StiintUITests;
				PRODUCT_NAME = "$(TARGET_NAME)";
				STRING_CATALOG_GENERATE_SYMBOLS = NO;
				SWIFT_APPROACHABLE_CONCURRENCY = YES;
				SWIFT_EMIT_LOC_STRINGS = NO;
				SWIFT_UPCOMING_FEATURE_MEMBER_IMPORT_VISIBILITY = YES;
				SWIFT_VERSION = 5.0;
				TARGETED_DEVICE_FAMILY = "1,2";
				TEST_TARGET_NAME = Stiint;
			};
			name = Debug;
		};
		E920D8882EE9ECE700491463 /* Release */ = {
			isa = XCBuildConfiguration;
			buildSettings = {
				CODE_SIGN_STYLE = Automatic;
				CURRENT_PROJECT_VERSION = 1;
				DEVELOPMENT_TEAM = G6Y3RZVKK7;
				GENERATE_INFOPLIST_FILE = YES;
				MARKETING_VERSION = 1.0;
				PRODUCT_BUNDLE_IDENTIFIER = liwi.StiintUITests;
				PRODUCT_NAME = "$(TARGET_NAME)";
				STRING_CATALOG_GENERATE_SYMBOLS = NO;
				SWIFT_APPROACHABLE_CONCURRENCY = YES;
				SWIFT_EMIT_LOC_STRINGS = NO;
				SWIFT_UPCOMING_FEATURE_MEMBER_IMPORT_VISIBILITY = YES;
				SWIFT_VERSION = 5.0;
				TARGETED_DEVICE_FAMILY = "1,2";
				TEST_TARGET_NAME = Stiint;
			};
			name = Release;
		};
/* End XCBuildConfiguration section */

/* Begin XCConfigurationList section */
		9AD8526C2EF2B349003CC0AE /* Build configuration list for PBXNativeTarget "stiintWidgetExtensionExtension" */ = {
			isa = XCConfigurationList;
			buildConfigurations = (
				9AD8526A2EF2B349003CC0AE /* Debug */,
				9AD8526B2EF2B349003CC0AE /* Release */,
			);
			defaultConfigurationIsVisible = 0;
			defaultConfigurationName = Release;
		};
		E920D8552EE9ECE600491463 /* Build configuration list for PBXProject "Stiint" */ = {
			isa = XCConfigurationList;
			buildConfigurations = (
				E920D8812EE9ECE700491463 /* Debug */,
				E920D8822EE9ECE700491463 /* Release */,
			);
			defaultConfigurationIsVisible = 0;
			defaultConfigurationName = Release;
		};
		E920D87E2EE9ECE700491463 /* Build configuration list for PBXNativeTarget "Stiint" */ = {
			isa = XCConfigurationList;
			buildConfigurations = (
				E920D87F2EE9ECE700491463 /* Debug */,
				E920D8802EE9ECE700491463 /* Release */,
			);
			defaultConfigurationIsVisible = 0;
			defaultConfigurationName = Release;
		};
		E920D8832EE9ECE700491463 /* Build configuration list for PBXNativeTarget "StiintTests" */ = {
			isa = XCConfigurationList;
			buildConfigurations = (
				E920D8842EE9ECE700491463 /* Debug */,
				E920D8852EE9ECE700491463 /* Release */,
			);
			defaultConfigurationIsVisible = 0;
			defaultConfigurationName = Release;
		};
		E920D8862EE9ECE700491463 /* Build configuration list for PBXNativeTarget "StiintUITests" */ = {
			isa = XCConfigurationList;
			buildConfigurations = (
				E920D8872EE9ECE700491463 /* Debug */,
				E920D8882EE9ECE700491463 /* Release */,
			);
			defaultConfigurationIsVisible = 0;
			defaultConfigurationName = Release;
		};
/* End XCConfigurationList section */

/* Begin XCRemoteSwiftPackageReference section */
		9AB0B1D92EEDFABB00AE9F5C /* XCRemoteSwiftPackageReference "Sankey" */ = {
			isa = XCRemoteSwiftPackageReference;
			repositoryURL = "https://github.com/maxhumber/Sankey.git";
			requirement = {
				kind = upToNextMajorVersion;
				minimumVersion = 2.0.0;
			};
		};
		9AD852AA2EF92320003CC0AE /* XCRemoteSwiftPackageReference "AcknowList" */ = {
			isa = XCRemoteSwiftPackageReference;
			repositoryURL = "https://github.com/vtourraine/AcknowList.git";
			requirement = {
				kind = upToNextMajorVersion;
				minimumVersion = 3.4.0;
			};
		};
/* End XCRemoteSwiftPackageReference section */

/* Begin XCSwiftPackageProductDependency section */
		9AB0B1DA2EEDFABB00AE9F5C /* Sankey */ = {
			isa = XCSwiftPackageProductDependency;
			package = 9AB0B1D92EEDFABB00AE9F5C /* XCRemoteSwiftPackageReference "Sankey" */;
			productName = Sankey;
		};
		9AD852AB2EF92320003CC0AE /* AcknowList */ = {
			isa = XCSwiftPackageProductDependency;
			package = 9AD852AA2EF92320003CC0AE /* XCRemoteSwiftPackageReference "AcknowList" */;
			productName = AcknowList;
		};
/* End XCSwiftPackageProductDependency section */
	};
	rootObject = E920D8522EE9ECE600491463 /* Project object */;
}
