{
  "originHash" : "6362a542c40a7f29cec422ea3613a342d9d849198295f58fe9a83b2ad056d22e",
  "pins" : [
    {
      "identity" : "acknowlist",
      "kind" : "remoteSourceControl",
      "location" : "https://github.com/vtourraine/AcknowList.git",
      "state" : {
        "revision" : "2b8be7841af2eefa0e75640d0c1a2312a1ba75be",
        "version" : "3.4.0"
      }
    },
    {
      "identity" : "sankey",
      "kind" : "remoteSourceControl",
      "location" : "https://github.com/maxhumber/Sankey.git",
      "state" : {
        "revision" : "a25843ed87bbe3f9be4d27a014b47792dcaeb3fc",
        "version" : "2.0.0"
      }
    }
  ],
  "version" : 3
}
