{
  "originHash" : "edd9dc3d34e64ee43923e2ef1cf7f8a4a4098f7e9ad7e19329a48e19d50c097f",
  "pins" : [
    {
      "identity" : "acknowlist",
      "kind" : "remoteSourceControl",
      "location" : "https://github.com/vtourraine/AcknowList.git",
      "state" : {
        "revision" : "2b8be7841af2eefa0e75640d0c1a2312a1ba75be",
        "version" : "3.4.0"
      }
    },
    {
      "identity" : "sankey",
      "kind" : "remoteSourceControl",
      "location" : "https://github.com/maxhumber/Sankey.git",
      "state" : {
        "revision" : "a25843ed87bbe3f9be4d27a014b47792dcaeb3fc",
        "version" : "2.0.0"
      }
    }
  ],
  "version" : 3
}
